
Microsoft Visual Studio Solution File, Format Version 12.00
# Visual Studio Version 16
VisualStudioVersion = 16.0.30404.54
MinimumVisualStudioVersion = 10.0.40219.1
Project("{9A19103F-16F7-4668-BE54-9A1E7A4F7556}") = "dnf", "dnf\dnf.csproj", "{D210DEC7-DDA9-4CC9-87A3-4ECC5231DAE7}"
EndProject
Project("{9A19103F-16F7-4668-BE54-9A1E7A4F7556}") = "Common", "Common\Common.csproj", "{287CC842-2510-4E22-BDFC-87F563EE1142}"
EndProject
Project("{2150E333-8FDC-42A3-9474-1A3956D46DE8}") = "tests", "tests", "{D09F5198-14AE-4337-8FCC-AD5186C8E7AA}"
EndProject
Project("{9A19103F-16F7-4668-BE54-9A1E7A4F7556}") = "Common.Tests", "tests\Common.Tests\Common.Tests.csproj", "{FA1DF788-F726-4693-B5F0-3EF23BD03926}"
EndProject
Project("{9A19103F-16F7-4668-BE54-9A1E7A4F7556}") = "TestsHelpers", "tests\TestsHelpers\TestsHelpers.csproj", "{5BF365D8-BBB6-4770-B154-A5BE848542A8}"
EndProject
Project("{FAE04EC0-301F-11D3-BF4B-00C04F79EFBC}") = "dnf.Tests", "tests\dnf.Tests\dnf.Tests.csproj", "{993BC3E0-5A33-43AB-ADBF-B93950395EFF}"
EndProject
Global
	GlobalSection(SolutionConfigurationPlatforms) = preSolution
		Debug|Any CPU = Debug|Any CPU
		Release|Any CPU = Release|Any CPU
	EndGlobalSection
	GlobalSection(ProjectConfigurationPlatforms) = postSolution
		{D210DEC7-DDA9-4CC9-87A3-4ECC5231DAE7}.Debug|Any CPU.ActiveCfg = Debug|Any CPU
		{D210DEC7-DDA9-4CC9-87A3-4ECC5231DAE7}.Debug|Any CPU.Build.0 = Debug|Any CPU
		{D210DEC7-DDA9-4CC9-87A3-4ECC5231DAE7}.Release|Any CPU.ActiveCfg = Release|Any CPU
		{D210DEC7-DDA9-4CC9-87A3-4ECC5231DAE7}.Release|Any CPU.Build.0 = Release|Any CPU
		{287CC842-2510-4E22-BDFC-87F563EE1142}.Debug|Any CPU.ActiveCfg = Debug|Any CPU
		{287CC842-2510-4E22-BDFC-87F563EE1142}.Debug|Any CPU.Build.0 = Debug|Any CPU
		{287CC842-2510-4E22-BDFC-87F563EE1142}.Release|Any CPU.ActiveCfg = Release|Any CPU
		{287CC842-2510-4E22-BDFC-87F563EE1142}.Release|Any CPU.Build.0 = Release|Any CPU
		{FA1DF788-F726-4693-B5F0-3EF23BD03926}.Debug|Any CPU.ActiveCfg = Debug|Any CPU
		{FA1DF788-F726-4693-B5F0-3EF23BD03926}.Debug|Any CPU.Build.0 = Debug|Any CPU
		{FA1DF788-F726-4693-B5F0-3EF23BD03926}.Release|Any CPU.ActiveCfg = Release|Any CPU
		{FA1DF788-F726-4693-B5F0-3EF23BD03926}.Release|Any CPU.Build.0 = Release|Any CPU
		{5BF365D8-BBB6-4770-B154-A5BE848542A8}.Debug|Any CPU.ActiveCfg = Debug|Any CPU
		{5BF365D8-BBB6-4770-B154-A5BE848542A8}.Debug|Any CPU.Build.0 = Debug|Any CPU
		{5BF365D8-BBB6-4770-B154-A5BE848542A8}.Release|Any CPU.ActiveCfg = Release|Any CPU
		{5BF365D8-BBB6-4770-B154-A5BE848542A8}.Release|Any CPU.Build.0 = Release|Any CPU
		{993BC3E0-5A33-43AB-ADBF-B93950395EFF}.Debug|Any CPU.ActiveCfg = Debug|Any CPU
		{993BC3E0-5A33-43AB-ADBF-B93950395EFF}.Debug|Any CPU.Build.0 = Debug|Any CPU
		{993BC3E0-5A33-43AB-ADBF-B93950395EFF}.Release|Any CPU.ActiveCfg = Release|Any CPU
		{993BC3E0-5A33-43AB-ADBF-B93950395EFF}.Release|Any CPU.Build.0 = Release|Any CPU
	EndGlobalSection
	GlobalSection(SolutionProperties) = preSolution
		HideSolutionNode = FALSE
	EndGlobalSection
	GlobalSection(NestedProjects) = preSolution
		{FA1DF788-F726-4693-B5F0-3EF23BD03926} = {D09F5198-14AE-4337-8FCC-AD5186C8E7AA}
		{5BF365D8-BBB6-4770-B154-A5BE848542A8} = {D09F5198-14AE-4337-8FCC-AD5186C8E7AA}
		{993BC3E0-5A33-43AB-ADBF-B93950395EFF} = {D09F5198-14AE-4337-8FCC-AD5186C8E7AA}
	EndGlobalSection
	GlobalSection(ExtensibilityGlobals) = postSolution
		SolutionGuid = {01EBAC48-D445-4C6B-B05E-95940DCB49E0}
	EndGlobalSection
EndGlobal
